
Microsoft Visual Studio Solution File, Format Version 12.00
# Visual Studio Version 17
VisualStudioVersion = 17.9.34723.18
MinimumVisualStudioVersion = 10.0.40219.1
Project("{9A19103F-16F7-4668-BE54-9A1E7A4F7556}") = "mapperly-benchmark", "src\mapperly-benchmark.csproj", "{02705C47-50FD-4CD9-BD66-C84450EAE127}"
EndProject
Global
	GlobalSection(SolutionConfigurationPlatforms) = preSolution
		Debug|Any CPU = Debug|Any CPU
		Release|Any CPU = Release|Any CPU
	EndGlobalSection
	GlobalSection(ProjectConfigurationPlatforms) = postSolution
		{02705C47-50FD-4CD9-BD66-C84450EAE127}.Debug|Any CPU.ActiveCfg = Debug|Any CPU
		{02705C47-50FD-4CD9-BD66-C84450EAE127}.Debug|Any CPU.Build.0 = Debug|Any CPU
		{02705C47-50FD-4CD9-BD66-C84450EAE127}.Release|Any CPU.ActiveCfg = Release|Any CPU
		{02705C47-50FD-4CD9-BD66-C84450EAE127}.Release|Any CPU.Build.0 = Release|Any CPU
	EndGlobalSection
	GlobalSection(SolutionProperties) = preSolution
		HideSolutionNode = FALSE
	EndGlobalSection
	GlobalSection(ExtensibilityGlobals) = postSolution
		SolutionGuid = {8E3BE11E-B7BE-4227-B328-17C23C4642E5}
	EndGlobalSection
EndGlobal
